// !$*UTF8*$!
{
	archiveVersion = 1;
	classes = {
	};
	objectVersion = 46;
	objects = {

/* Begin PBXBuildFile section */
		853C4F5A1903F15600352ECB /* Foundation.framework in Frameworks */ = {isa = PBXBuildFile; fileRef = 853C4F591903F15600352ECB /* Foundation.framework */; };
		853C4F5C1903F15600352ECB /* CoreGraphics.framework in Frameworks */ = {isa = PBXBuildFile; fileRef = 853C4F5B1903F15600352ECB /* CoreGraphics.framework */; };
		853C4F5E1903F15600352ECB /* UIKit.framework in Frameworks */ = {isa = PBXBuildFile; fileRef = 853C4F5D1903F15600352ECB /* UIKit.framework */; };
		853C4F601903F15600352ECB /* CoreData.framework in Frameworks */ = {isa = PBXBuildFile; fileRef = 853C4F5F1903F15600352ECB /* CoreData.framework */; };
		853C4F661903F15600352ECB /* InfoPlist.strings in Resources */ = {isa = PBXBuildFile; fileRef = 853C4F641903F15600352ECB /* InfoPlist.strings */; };
		853C4F681903F15600352ECB /* main.m in Sources */ = {isa = PBXBuildFile; fileRef = 853C4F671903F15600352ECB /* main.m */; };
		853C4F6C1903F15600352ECB /* MBAppDelegate.m in Sources */ = {isa = PBXBuildFile; fileRef = 853C4F6B1903F15600352ECB /* MBAppDelegate.m */; };
		853C4F6F1903F15600352ECB /* Notes.xcdatamodeld in Sources */ = {isa = PBXBuildFile; fileRef = 853C4F6D1903F15600352ECB /* Notes.xcdatamodeld */; };
		853C4F711903F15600352ECB /* Images.xcassets in Resources */ = {isa = PBXBuildFile; fileRef = 853C4F701903F15600352ECB /* Images.xcassets */; };
		853C4F781903F15600352ECB /* XCTest.framework in Frameworks */ = {isa = PBXBuildFile; fileRef = 853C4F771903F15600352ECB /* XCTest.framework */; };
		853C4F791903F15600352ECB /* Foundation.framework in Frameworks */ = {isa = PBXBuildFile; fileRef = 853C4F591903F15600352ECB /* Foundation.framework */; };
		853C4F7A1903F15600352ECB /* UIKit.framework in Frameworks */ = {isa = PBXBuildFile; fileRef = 853C4F5D1903F15600352ECB /* UIKit.framework */; };
		853C4F7B1903F15600352ECB /* CoreData.framework in Frameworks */ = {isa = PBXBuildFile; fileRef = 853C4F5F1903F15600352ECB /* CoreData.framework */; };
		853C4F831903F15600352ECB /* InfoPlist.strings in Resources */ = {isa = PBXBuildFile; fileRef = 853C4F811903F15600352ECB /* InfoPlist.strings */; };
		853C4F851903F15600352ECB /* NotesTests.m in Sources */ = {isa = PBXBuildFile; fileRef = 853C4F841903F15600352ECB /* NotesTests.m */; };
		853C4F8F1903F1CE00352ECB /* Notes.storyboard in Resources */ = {isa = PBXBuildFile; fileRef = 853C4F8E1903F1CE00352ECB /* Notes.storyboard */; };
		853C4F921903F1F600352ECB /* MBNotesViewController.m in Sources */ = {isa = PBXBuildFile; fileRef = 853C4F911903F1F600352ECB /* MBNotesViewController.m */; };
		853C4F951903F35E00352ECB /* MBNote.m in Sources */ = {isa = PBXBuildFile; fileRef = 853C4F941903F35E00352ECB /* MBNote.m */; };
		853C4F981903F49000352ECB /* MBDatabase.m in Sources */ = {isa = PBXBuildFile; fileRef = 853C4F971903F49000352ECB /* MBDatabase.m */; };
		853C4F9B1903F69600352ECB /* MBNotesImporter.m in Sources */ = {isa = PBXBuildFile; fileRef = 853C4F9A1903F69600352ECB /* MBNotesImporter.m */; };
		853C4F9E1903F71F00352ECB /* MBNotesProvider.m in Sources */ = {isa = PBXBuildFile; fileRef = 853C4F9D1903F71F00352ECB /* MBNotesProvider.m */; };
		853C4FA41903FB7B00352ECB /* MBNoteCell.m in Sources */ = {isa = PBXBuildFile; fileRef = 853C4FA31903FB7B00352ECB /* MBNoteCell.m */; };
		853C4FA71903FCA000352ECB /* MBNotesFetchedResultsController.m in Sources */ = {isa = PBXBuildFile; fileRef = 853C4FA61903FCA000352ECB /* MBNotesFetchedResultsController.m */; };
/* End PBXBuildFile section */

/* Begin PBXContainerItemProxy section */
		853C4F7C1903F15600352ECB /* PBXContainerItemProxy */ = {
			isa = PBXContainerItemProxy;
			containerPortal = 853C4F4E1903F15600352ECB /* Project object */;
			proxyType = 1;
			remoteGlobalIDString = 853C4F551903F15600352ECB;
			remoteInfo = Notes;
		};
/* End PBXContainerItemProxy section */

/* Begin PBXFileReference section */
		853C4F561903F15600352ECB /* Notes.app */ = {isa = PBXFileReference; explicitFileType = wrapper.application; includeInIndex = 0; path = Notes.app; sourceTree = BUILT_PRODUCTS_DIR; };
		853C4F591903F15600352ECB /* Foundation.framework */ = {isa = PBXFileReference; lastKnownFileType = wrapper.framework; name = Foundation.framework; path = System/Library/Frameworks/Foundation.framework; sourceTree = SDKROOT; };
		853C4F5B1903F15600352ECB /* CoreGraphics.framework */ = {isa = PBXFileReference; lastKnownFileType = wrapper.framework; name = CoreGraphics.framework; path = System/Library/Frameworks/CoreGraphics.framework; sourceTree = SDKROOT; };
		853C4F5D1903F15600352ECB /* UIKit.framework */ = {isa = PBXFileReference; lastKnownFileType = wrapper.framework; name = UIKit.framework; path = System/Library/Frameworks/UIKit.framework; sourceTree = SDKROOT; };
		853C4F5F1903F15600352ECB /* CoreData.framework */ = {isa = PBXFileReference; lastKnownFileType = wrapper.framework; name = CoreData.framework; path = System/Library/Frameworks/CoreData.framework; sourceTree = SDKROOT; };
		853C4F631903F15600352ECB /* Notes-Info.plist */ = {isa = PBXFileReference; lastKnownFileType = text.plist.xml; path = "Notes-Info.plist"; sourceTree = "<group>"; };
		853C4F651903F15600352ECB /* en */ = {isa = PBXFileReference; lastKnownFileType = text.plist.strings; name = en; path = en.lproj/InfoPlist.strings; sourceTree = "<group>"; };
		853C4F671903F15600352ECB /* main.m */ = {isa = PBXFileReference; lastKnownFileType = sourcecode.c.objc; path = main.m; sourceTree = "<group>"; };
		853C4F691903F15600352ECB /* Notes-Prefix.pch */ = {isa = PBXFileReference; lastKnownFileType = sourcecode.c.h; path = "Notes-Prefix.pch"; sourceTree = "<group>"; };
		853C4F6A1903F15600352ECB /* MBAppDelegate.h */ = {isa = PBXFileReference; lastKnownFileType = sourcecode.c.h; path = MBAppDelegate.h; sourceTree = "<group>"; };
		853C4F6B1903F15600352ECB /* MBAppDelegate.m */ = {isa = PBXFileReference; lastKnownFileType = sourcecode.c.objc; path = MBAppDelegate.m; sourceTree = "<group>"; };
		853C4F6E1903F15600352ECB /* Notes.xcdatamodel */ = {isa = PBXFileReference; lastKnownFileType = wrapper.xcdatamodel; path = Notes.xcdatamodel; sourceTree = "<group>"; };
		853C4F701903F15600352ECB /* Images.xcassets */ = {isa = PBXFileReference; lastKnownFileType = folder.assetcatalog; path = Images.xcassets; sourceTree = "<group>"; };
		853C4F761903F15600352ECB /* NotesTests.xctest */ = {isa = PBXFileReference; explicitFileType = wrapper.cfbundle; includeInIndex = 0; path = NotesTests.xctest; sourceTree = BUILT_PRODUCTS_DIR; };
		853C4F771903F15600352ECB /* XCTest.framework */ = {isa = PBXFileReference; lastKnownFileType = wrapper.framework; name = XCTest.framework; path = Library/Frameworks/XCTest.framework; sourceTree = DEVELOPER_DIR; };
		853C4F801903F15600352ECB /* NotesTests-Info.plist */ = {isa = PBXFileReference; lastKnownFileType = text.plist.xml; path = "NotesTests-Info.plist"; sourceTree = "<group>"; };
		853C4F821903F15600352ECB /* en */ = {isa = PBXFileReference; lastKnownFileType = text.plist.strings; name = en; path = en.lproj/InfoPlist.strings; sourceTree = "<group>"; };
		853C4F841903F15600352ECB /* NotesTests.m */ = {isa = PBXFileReference; lastKnownFileType = sourcecode.c.objc; path = NotesTests.m; sourceTree = "<group>"; };
		853C4F8E1903F1CE00352ECB /* Notes.storyboard */ = {isa = PBXFileReference; fileEncoding = 4; lastKnownFileType = file.storyboard; path = Notes.storyboard; sourceTree = "<group>"; };
		853C4F901903F1F600352ECB /* MBNotesViewController.h */ = {isa = PBXFileReference; fileEncoding = 4; lastKnownFileType = sourcecode.c.h; path = MBNotesViewController.h; sourceTree = "<group>"; };
		853C4F911903F1F600352ECB /* MBNotesViewController.m */ = {isa = PBXFileReference; fileEncoding = 4; lastKnownFileType = sourcecode.c.objc; path = MBNotesViewController.m; sourceTree = "<group>"; };
		853C4F931903F35E00352ECB /* MBNote.h */ = {isa = PBXFileReference; fileEncoding = 4; lastKnownFileType = sourcecode.c.h; path = MBNote.h; sourceTree = "<group>"; };
		853C4F941903F35E00352ECB /* MBNote.m */ = {isa = PBXFileReference; fileEncoding = 4; lastKnownFileType = sourcecode.c.objc; path = MBNote.m; sourceTree = "<group>"; };
		853C4F961903F49000352ECB /* MBDatabase.h */ = {isa = PBXFileReference; fileEncoding = 4; lastKnownFileType = sourcecode.c.h; path = MBDatabase.h; sourceTree = "<group>"; };
		853C4F971903F49000352ECB /* MBDatabase.m */ = {isa = PBXFileReference; fileEncoding = 4; lastKnownFileType = sourcecode.c.objc; path = MBDatabase.m; sourceTree = "<group>"; };
		853C4F991903F69600352ECB /* MBNotesImporter.h */ = {isa = PBXFileReference; fileEncoding = 4; lastKnownFileType = sourcecode.c.h; path = MBNotesImporter.h; sourceTree = "<group>"; };
		853C4F9A1903F69600352ECB /* MBNotesImporter.m */ = {isa = PBXFileReference; fileEncoding = 4; lastKnownFileType = sourcecode.c.objc; path = MBNotesImporter.m; sourceTree = "<group>"; };
		853C4F9C1903F71F00352ECB /* MBNotesProvider.h */ = {isa = PBXFileReference; fileEncoding = 4; lastKnownFileType = sourcecode.c.h; path = MBNotesProvider.h; sourceTree = "<group>"; };
		853C4F9D1903F71F00352ECB /* MBNotesProvider.m */ = {isa = PBXFileReference; fileEncoding = 4; lastKnownFileType = sourcecode.c.objc; path = MBNotesProvider.m; sourceTree = "<group>"; };
		853C4FA21903FB7B00352ECB /* MBNoteCell.h */ = {isa = PBXFileReference; fileEncoding = 4; lastKnownFileType = sourcecode.c.h; path = MBNoteCell.h; sourceTree = "<group>"; };
		853C4FA31903FB7B00352ECB /* MBNoteCell.m */ = {isa = PBXFileReference; fileEncoding = 4; lastKnownFileType = sourcecode.c.objc; path = MBNoteCell.m; sourceTree = "<group>"; };
		853C4FA51903FCA000352ECB /* MBNotesFetchedResultsController.h */ = {isa = PBXFileReference; fileEncoding = 4; lastKnownFileType = sourcecode.c.h; path = MBNotesFetchedResultsController.h; sourceTree = "<group>"; };
		853C4FA61903FCA000352ECB /* MBNotesFetchedResultsController.m */ = {isa = PBXFileReference; fileEncoding = 4; lastKnownFileType = sourcecode.c.objc; path = MBNotesFetchedResultsController.m; sourceTree = "<group>"; };
/* End PBXFileReference section */

/* Begin PBXFrameworksBuildPhase section */
		853C4F531903F15600352ECB /* Frameworks */ = {
			isa = PBXFrameworksBuildPhase;
			buildActionMask = 2147483647;
			files = (
				853C4F5C1903F15600352ECB /* CoreGraphics.framework in Frameworks */,
				853C4F601903F15600352ECB /* CoreData.framework in Frameworks */,
				853C4F5E1903F15600352ECB /* UIKit.framework in Frameworks */,
				853C4F5A1903F15600352ECB /* Foundation.framework in Frameworks */,
			);
			runOnlyForDeploymentPostprocessing = 0;
		};
		853C4F731903F15600352ECB /* Frameworks */ = {
			isa = PBXFrameworksBuildPhase;
			buildActionMask = 2147483647;
			files = (
				853C4F781903F15600352ECB /* XCTest.framework in Frameworks */,
				853C4F7B1903F15600352ECB /* CoreData.framework in Frameworks */,
				853C4F7A1903F15600352ECB /* UIKit.framework in Frameworks */,
				853C4F791903F15600352ECB /* Foundation.framework in Frameworks */,
			);
			runOnlyForDeploymentPostprocessing = 0;
		};
/* End PBXFrameworksBuildPhase section */

/* Begin PBXGroup section */
		853C4F4D1903F15600352ECB = {
			isa = PBXGroup;
			children = (
				853C4F611903F15600352ECB /* Notes */,
				853C4F7E1903F15600352ECB /* NotesTests */,
				853C4F581903F15600352ECB /* Frameworks */,
				853C4F571903F15600352ECB /* Products */,
			);
			sourceTree = "<group>";
		};
		853C4F571903F15600352ECB /* Products */ = {
			isa = PBXGroup;
			children = (
				853C4F561903F15600352ECB /* Notes.app */,
				853C4F761903F15600352ECB /* NotesTests.xctest */,
			);
			name = Products;
			sourceTree = "<group>";
		};
		853C4F581903F15600352ECB /* Frameworks */ = {
			isa = PBXGroup;
			children = (
				853C4F591903F15600352ECB /* Foundation.framework */,
				853C4F5B1903F15600352ECB /* CoreGraphics.framework */,
				853C4F5D1903F15600352ECB /* UIKit.framework */,
				853C4F5F1903F15600352ECB /* CoreData.framework */,
				853C4F771903F15600352ECB /* XCTest.framework */,
			);
			name = Frameworks;
			sourceTree = "<group>";
		};
		853C4F611903F15600352ECB /* Notes */ = {
			isa = PBXGroup;
			children = (
				853C4F6A1903F15600352ECB /* MBAppDelegate.h */,
				853C4F6B1903F15600352ECB /* MBAppDelegate.m */,
				853C4F701903F15600352ECB /* Images.xcassets */,
				853C4F6D1903F15600352ECB /* Notes.xcdatamodeld */,
				853C4F621903F15600352ECB /* Supporting Files */,
				853C4F8E1903F1CE00352ECB /* Notes.storyboard */,
				853C4F901903F1F600352ECB /* MBNotesViewController.h */,
				853C4F911903F1F600352ECB /* MBNotesViewController.m */,
				853C4F931903F35E00352ECB /* MBNote.h */,
				853C4F941903F35E00352ECB /* MBNote.m */,
				853C4F961903F49000352ECB /* MBDatabase.h */,
				853C4F971903F49000352ECB /* MBDatabase.m */,
				853C4F991903F69600352ECB /* MBNotesImporter.h */,
				853C4F9A1903F69600352ECB /* MBNotesImporter.m */,
				853C4F9C1903F71F00352ECB /* MBNotesProvider.h */,
				853C4F9D1903F71F00352ECB /* MBNotesProvider.m */,
				853C4FA21903FB7B00352ECB /* MBNoteCell.h */,
				853C4FA31903FB7B00352ECB /* MBNoteCell.m */,
				853C4FA51903FCA000352ECB /* MBNotesFetchedResultsController.h */,
				853C4FA61903FCA000352ECB /* MBNotesFetchedResultsController.m */,
			);
			path = Notes;
			sourceTree = "<group>";
		};
		853C4F621903F15600352ECB /* Supporting Files */ = {
			isa = PBXGroup;
			children = (
				853C4F631903F15600352ECB /* Notes-Info.plist */,
				853C4F641903F15600352ECB /* InfoPlist.strings */,
				853C4F671903F15600352ECB /* main.m */,
				853C4F691903F15600352ECB /* Notes-Prefix.pch */,
			);
			name = "Supporting Files";
			sourceTree = "<group>";
		};
		853C4F7E1903F15600352ECB /* NotesTests */ = {
			isa = PBXGroup;
			children = (
				853C4F841903F15600352ECB /* NotesTests.m */,
				853C4F7F1903F15600352ECB /* Supporting Files */,
			);
			path = NotesTests;
			sourceTree = "<group>";
		};
		853C4F7F1903F15600352ECB /* Supporting Files */ = {
			isa = PBXGroup;
			children = (
				853C4F801903F15600352ECB /* NotesTests-Info.plist */,
				853C4F811903F15600352ECB /* InfoPlist.strings */,
			);
			name = "Supporting Files";
			sourceTree = "<group>";
		};
/* End PBXGroup section */

/* Begin PBXNativeTarget section */
		853C4F551903F15600352ECB /* Notes */ = {
			isa = PBXNativeTarget;
			buildConfigurationList = 853C4F881903F15600352ECB /* Build configuration list for PBXNativeTarget "Notes" */;
			buildPhases = (
				853C4F521903F15600352ECB /* Sources */,
				853C4F531903F15600352ECB /* Frameworks */,
				853C4F541903F15600352ECB /* Resources */,
			);
			buildRules = (
			);
			dependencies = (
			);
			name = Notes;
			productName = Notes;
			productReference = 853C4F561903F15600352ECB /* Notes.app */;
			productType = "com.apple.product-type.application";
		};
		853C4F751903F15600352ECB /* NotesTests */ = {
			isa = PBXNativeTarget;
			buildConfigurationList = 853C4F8B1903F15600352ECB /* Build configuration list for PBXNativeTarget "NotesTests" */;
			buildPhases = (
				853C4F721903F15600352ECB /* Sources */,
				853C4F731903F15600352ECB /* Frameworks */,
				853C4F741903F15600352ECB /* Resources */,
			);
			buildRules = (
			);
			dependencies = (
				853C4F7D1903F15600352ECB /* PBXTargetDependency */,
			);
			name = NotesTests;
			productName = NotesTests;
			productReference = 853C4F761903F15600352ECB /* NotesTests.xctest */;
			productType = "com.apple.product-type.bundle.unit-test";
		};
/* End PBXNativeTarget section */

/* Begin PBXProject section */
		853C4F4E1903F15600352ECB /* Project object */ = {
			isa = PBXProject;
			attributes = {
				CLASSPREFIX = MB;
				LastUpgradeCheck = 0510;
				ORGANIZATIONNAME = "SO MANY APPS";
				TargetAttributes = {
					853C4F751903F15600352ECB = {
						TestTargetID = 853C4F551903F15600352ECB;
					};
				};
			};
			buildConfigurationList = 853C4F511903F15600352ECB /* Build configuration list for PBXProject "Notes" */;
			compatibilityVersion = "Xcode 3.2";
			developmentRegion = English;
			hasScannedForEncodings = 0;
			knownRegions = (
				en,
			);
			mainGroup = 853C4F4D1903F15600352ECB;
			productRefGroup = 853C4F571903F15600352ECB /* Products */;
			projectDirPath = "";
			projectRoot = "";
			targets = (
				853C4F551903F15600352ECB /* Notes */,
				853C4F751903F15600352ECB /* NotesTests */,
			);
		};
/* End PBXProject section */

/* Begin PBXResourcesBuildPhase section */
		853C4F541903F15600352ECB /* Resources */ = {
			isa = PBXResourcesBuildPhase;
			buildActionMask = 2147483647;
			files = (
				853C4F8F1903F1CE00352ECB /* Notes.storyboard in Resources */,
				853C4F661903F15600352ECB /* InfoPlist.strings in Resources */,
				853C4F711903F15600352ECB /* Images.xcassets in Resources */,
			);
			runOnlyForDeploymentPostprocessing = 0;
		};
		853C4F741903F15600352ECB /* Resources */ = {
			isa = PBXResourcesBuildPhase;
			buildActionMask = 2147483647;
			files = (
				853C4F831903F15600352ECB /* InfoPlist.strings in Resources */,
			);
			runOnlyForDeploymentPostprocessing = 0;
		};
/* End PBXResourcesBuildPhase section */

/* Begin PBXSourcesBuildPhase section */
		853C4F521903F15600352ECB /* Sources */ = {
			isa = PBXSourcesBuildPhase;
			buildActionMask = 2147483647;
			files = (
				853C4F951903F35E00352ECB /* MBNote.m in Sources */,
				853C4F681903F15600352ECB /* main.m in Sources */,
				853C4F921903F1F600352ECB /* MBNotesViewController.m in Sources */,
				853C4F981903F49000352ECB /* MBDatabase.m in Sources */,
				853C4F6F1903F15600352ECB /* Notes.xcdatamodeld in Sources */,
				853C4F9B1903F69600352ECB /* MBNotesImporter.m in Sources */,
				853C4F6C1903F15600352ECB /* MBAppDelegate.m in Sources */,
				853C4FA71903FCA000352ECB /* MBNotesFetchedResultsController.m in Sources */,
				853C4F9E1903F71F00352ECB /* MBNotesProvider.m in Sources */,
				853C4FA41903FB7B00352ECB /* MBNoteCell.m in Sources */,
			);
			runOnlyForDeploymentPostprocessing = 0;
		};
		853C4F721903F15600352ECB /* Sources */ = {
			isa = PBXSourcesBuildPhase;
			buildActionMask = 2147483647;
			files = (
				853C4F851903F15600352ECB /* NotesTests.m in Sources */,
			);
			runOnlyForDeploymentPostprocessing = 0;
		};
/* End PBXSourcesBuildPhase section */

/* Begin PBXTargetDependency section */
		853C4F7D1903F15600352ECB /* PBXTargetDependency */ = {
			isa = PBXTargetDependency;
			target = 853C4F551903F15600352ECB /* Notes */;
			targetProxy = 853C4F7C1903F15600352ECB /* PBXContainerItemProxy */;
		};
/* End PBXTargetDependency section */

/* Begin PBXVariantGroup section */
		853C4F641903F15600352ECB /* InfoPlist.strings */ = {
			isa = PBXVariantGroup;
			children = (
				853C4F651903F15600352ECB /* en */,
			);
			name = InfoPlist.strings;
			sourceTree = "<group>";
		};
		853C4F811903F15600352ECB /* InfoPlist.strings */ = {
			isa = PBXVariantGroup;
			children = (
				853C4F821903F15600352ECB /* en */,
			);
			name = InfoPlist.strings;
			sourceTree = "<group>";
		};
/* End PBXVariantGroup section */

/* Begin XCBuildConfiguration section */
		853C4F861903F15600352ECB /* Debug */ = {
			isa = XCBuildConfiguration;
			buildSettings = {
				ALWAYS_SEARCH_USER_PATHS = NO;
				CLANG_CXX_LANGUAGE_STANDARD = "gnu++0x";
				CLANG_CXX_LIBRARY = "libc++";
				CLANG_ENABLE_MODULES = YES;
				CLANG_ENABLE_OBJC_ARC = YES;
				CLANG_WARN_BOOL_CONVERSION = YES;
				CLANG_WARN_CONSTANT_CONVERSION = YES;
				CLANG_WARN_DIRECT_OBJC_ISA_USAGE = YES_ERROR;
				CLANG_WARN_EMPTY_BODY = YES;
				CLANG_WARN_ENUM_CONVERSION = YES;
				CLANG_WARN_INT_CONVERSION = YES;
				CLANG_WARN_OBJC_ROOT_CLASS = YES_ERROR;
				CLANG_WARN__DUPLICATE_METHOD_MATCH = YES;
				"CODE_SIGN_IDENTITY[sdk=iphoneos*]" = "";
				COPY_PHASE_STRIP = NO;
				GCC_C_LANGUAGE_STANDARD = gnu99;
				GCC_DYNAMIC_NO_PIC = NO;
				GCC_OPTIMIZATION_LEVEL = 0;
				GCC_PREPROCESSOR_DEFINITIONS = (
					"DEBUG=1",
					"$(inherited)",
				);
				GCC_SYMBOLS_PRIVATE_EXTERN = NO;
				GCC_WARN_64_TO_32_BIT_CONVERSION = YES;
				GCC_WARN_ABOUT_RETURN_TYPE = YES_ERROR;
				GCC_WARN_UNDECLARED_SELECTOR = YES;
				GCC_WARN_UNINITIALIZED_AUTOS = YES_AGGRESSIVE;
				GCC_WARN_UNUSED_FUNCTION = YES;
				GCC_WARN_UNUSED_VARIABLE = YES;
				IPHONEOS_DEPLOYMENT_TARGET = 7.1;
				ONLY_ACTIVE_ARCH = YES;
				SDKROOT = iphoneos;
			};
			name = Debug;
		};
		853C4F871903F15600352ECB /* Release */ = {
			isa = XCBuildConfiguration;
			buildSettings = {
				ALWAYS_SEARCH_USER_PATHS = NO;
				CLANG_CXX_LANGUAGE_STANDARD = "gnu++0x";
				CLANG_CXX_LIBRARY = "libc++";
				CLANG_ENABLE_MODULES = YES;
				CLANG_ENABLE_OBJC_ARC = YES;
				CLANG_WARN_BOOL_CONVERSION = YES;
				CLANG_WARN_CONSTANT_CONVERSION = YES;
				CLANG_WARN_DIRECT_OBJC_ISA_USAGE = YES_ERROR;
				CLANG_WARN_EMPTY_BODY = YES;
				CLANG_WARN_ENUM_CONVERSION = YES;
				CLANG_WARN_INT_CONVERSION = YES;
				CLANG_WARN_OBJC_ROOT_CLASS = YES_ERROR;
				CLANG_WARN__DUPLICATE_METHOD_MATCH = YES;
				"CODE_SIGN_IDENTITY[sdk=iphoneos*]" = "";
				COPY_PHASE_STRIP = YES;
				ENABLE_NS_ASSERTIONS = NO;
				GCC_C_LANGUAGE_STANDARD = gnu99;
				GCC_WARN_64_TO_32_BIT_CONVERSION = YES;
				GCC_WARN_ABOUT_RETURN_TYPE = YES_ERROR;
				GCC_WARN_UNDECLARED_SELECTOR = YES;
				GCC_WARN_UNINITIALIZED_AUTOS = YES_AGGRESSIVE;
				GCC_WARN_UNUSED_FUNCTION = YES;
				GCC_WARN_UNUSED_VARIABLE = YES;
				IPHONEOS_DEPLOYMENT_TARGET = 7.1;
				SDKROOT = iphoneos;
				VALIDATE_PRODUCT = YES;
			};
			name = Release;
		};
		853C4F891903F15600352ECB /* Debug */ = {
			isa = XCBuildConfiguration;
			buildSettings = {
				ASSETCATALOG_COMPILER_APPICON_NAME = AppIcon;
				ASSETCATALOG_COMPILER_LAUNCHIMAGE_NAME = LaunchImage;
				GCC_PRECOMPILE_PREFIX_HEADER = YES;
				GCC_PREFIX_HEADER = "Notes/Notes-Prefix.pch";
				INFOPLIST_FILE = "Notes/Notes-Info.plist";
				PRODUCT_NAME = "$(TARGET_NAME)";
				WRAPPER_EXTENSION = app;
			};
			name = Debug;
		};
		853C4F8A1903F15600352ECB /* Release */ = {
			isa = XCBuildConfiguration;
			buildSettings = {
				ASSETCATALOG_COMPILER_APPICON_NAME = AppIcon;
				ASSETCATALOG_COMPILER_LAUNCHIMAGE_NAME = LaunchImage;
				GCC_PRECOMPILE_PREFIX_HEADER = YES;
				GCC_PREFIX_HEADER = "Notes/Notes-Prefix.pch";
				INFOPLIST_FILE = "Notes/Notes-Info.plist";
				PRODUCT_NAME = "$(TARGET_NAME)";
				WRAPPER_EXTENSION = app;
			};
			name = Release;
		};
		853C4F8C1903F15600352ECB /* Debug */ = {
			isa = XCBuildConfiguration;
			buildSettings = {
				BUNDLE_LOADER = "$(BUILT_PRODUCTS_DIR)/Notes.app/Notes";
				FRAMEWORK_SEARCH_PATHS = (
					"$(SDKROOT)/Developer/Library/Frameworks",
					"$(inherited)",
					"$(DEVELOPER_FRAMEWORKS_DIR)",
				);
				GCC_PRECOMPILE_PREFIX_HEADER = YES;
				GCC_PREFIX_HEADER = "Notes/Notes-Prefix.pch";
				GCC_PREPROCESSOR_DEFINITIONS = (
					"DEBUG=1",
					"$(inherited)",
				);
				INFOPLIST_FILE = "NotesTests/NotesTests-Info.plist";
				PRODUCT_NAME = "$(TARGET_NAME)";
				TEST_HOST = "$(BUNDLE_LOADER)";
				WRAPPER_EXTENSION = xctest;
			};
			name = Debug;
		};
		853C4F8D1903F15600352ECB /* Release */ = {
			isa = XCBuildConfiguration;
			buildSettings = {
				BUNDLE_LOADER = "$(BUILT_PRODUCTS_DIR)/Notes.app/Notes";
				FRAMEWORK_SEARCH_PATHS = (
					"$(SDKROOT)/Developer/Library/Frameworks",
					"$(inherited)",
					"$(DEVELOPER_FRAMEWORKS_DIR)",
				);
				GCC_PRECOMPILE_PREFIX_HEADER = YES;
				GCC_PREFIX_HEADER = "Notes/Notes-Prefix.pch";
				INFOPLIST_FILE = "NotesTests/NotesTests-Info.plist";
				PRODUCT_NAME = "$(TARGET_NAME)";
				TEST_HOST = "$(BUNDLE_LOADER)";
				WRAPPER_EXTENSION = xctest;
			};
			name = Release;
		};
/* End XCBuildConfiguration section */

/* Begin XCConfigurationList section */
		853C4F511903F15600352ECB /* Build configuration list for PBXProject "Notes" */ = {
			isa = XCConfigurationList;
			buildConfigurations = (
				853C4F861903F15600352ECB /* Debug */,
				853C4F871903F15600352ECB /* Release */,
			);
			defaultConfigurationIsVisible = 0;
			defaultConfigurationName = Release;
		};
		853C4F881903F15600352ECB /* Build configuration list for PBXNativeTarget "Notes" */ = {
			isa = XCConfigurationList;
			buildConfigurations = (
				853C4F891903F15600352ECB /* Debug */,
				853C4F8A1903F15600352ECB /* Release */,
			);
			defaultConfigurationIsVisible = 0;
		};
		853C4F8B1903F15600352ECB /* Build configuration list for PBXNativeTarget "NotesTests" */ = {
			isa = XCConfigurationList;
			buildConfigurations = (
				853C4F8C1903F15600352ECB /* Debug */,
				853C4F8D1903F15600352ECB /* Release */,
			);
			defaultConfigurationIsVisible = 0;
		};
/* End XCConfigurationList section */

/* Begin XCVersionGroup section */
		853C4F6D1903F15600352ECB /* Notes.xcdatamodeld */ = {
			isa = XCVersionGroup;
			children = (
				853C4F6E1903F15600352ECB /* Notes.xcdatamodel */,
			);
			currentVersion = 853C4F6E1903F15600352ECB /* Notes.xcdatamodel */;
			path = Notes.xcdatamodeld;
			sourceTree = "<group>";
			versionGroupType = wrapper.xcdatamodel;
		};
/* End XCVersionGroup section */
	};
	rootObject = 853C4F4E1903F15600352ECB /* Project object */;
}
